
Microsoft Visual Studio Solution File, Format Version 12.00
# Visual Studio 15
VisualStudioVersion = 15.0.28010.2036
MinimumVisualStudioVersion = 10.0.40219.1
Project("{FAE04EC0-301F-11D3-BF4B-00C04F79EFBC}") = "Business.Data", "Business.Data\Business.Data.csproj", "{25FD5958-F3F7-4983-9889-C43493932595}"
EndProject
Project("{FAE04EC0-301F-11D3-BF4B-00C04F79EFBC}") = "Business.Data.Test", "Business.Data.Test\Business.Data.Test.csproj", "{E4190773-AF9A-46CD-8569-5F74A684F6A6}"
EndProject
Global
	GlobalSection(SolutionConfigurationPlatforms) = preSolution
		Debug|Any CPU = Debug|Any CPU
		Release|Any CPU = Release|Any CPU
	EndGlobalSection
	GlobalSection(ProjectConfigurationPlatforms) = postSolution
		{25FD5958-F3F7-4983-9889-C43493932595}.Debug|Any CPU.ActiveCfg = Debug|Any CPU
		{25FD5958-F3F7-4983-9889-C43493932595}.Debug|Any CPU.Build.0 = Debug|Any CPU
		{25FD5958-F3F7-4983-9889-C43493932595}.Release|Any CPU.ActiveCfg = Release|Any CPU
		{25FD5958-F3F7-4983-9889-C43493932595}.Release|Any CPU.Build.0 = Release|Any CPU
		{E4190773-AF9A-46CD-8569-5F74A684F6A6}.Debug|Any CPU.ActiveCfg = Debug|Any CPU
		{E4190773-AF9A-46CD-8569-5F74A684F6A6}.Debug|Any CPU.Build.0 = Debug|Any CPU
		{E4190773-AF9A-46CD-8569-5F74A684F6A6}.Release|Any CPU.ActiveCfg = Release|Any CPU
		{E4190773-AF9A-46CD-8569-5F74A684F6A6}.Release|Any CPU.Build.0 = Release|Any CPU
	EndGlobalSection
	GlobalSection(SolutionProperties) = preSolution
		HideSolutionNode = FALSE
	EndGlobalSection
	GlobalSection(ExtensibilityGlobals) = postSolution
		SolutionGuid = {29D895A8-0736-4012-AE3F-DB7E67C68546}
	EndGlobalSection
EndGlobal
